{
  "nodes": {
    "emacs-overlay": {
      "locked": {
        "lastModified": 1637027238,
        "narHash": "sha256-Ob3nKcvMdBALeBkZXaDtLIfGloJ1srH4pY5lrGQCIWE=",
        "owner": "nix-community",
        "repo": "emacs-overlay",
        "rev": "f01c9352ea15574602234feea5b4dc25df26a77a",
        "type": "github"
      },
      "original": {
        "owner": "nix-community",
        "repo": "emacs-overlay",
        "type": "github"
      }
    },
    "flake-utils": {
      "locked": {
        "lastModified": 1634851050,
        "narHash": "sha256-N83GlSGPJJdcqhUxSCS/WwW5pksYf3VP1M13cDRTSVA=",
        "owner": "numtide",
        "repo": "flake-utils",
        "rev": "c91f3de5adaf1de973b797ef7485e441a65b8935",
        "type": "github"
      },
      "original": {
        "owner": "numtide",
        "repo": "flake-utils",
        "type": "github"
      }
    },
    "home-manager": {
      "inputs": {
        "nixpkgs": [
          "nixpkgs"
        ]
      },
      "locked": {
        "lastModified": 1637019201,
        "narHash": "sha256-lq4gz51fx4m5FXfx1SCB444aEBeaYtLMVm3P18Wi9ls=",
        "owner": "nix-community",
        "repo": "home-manager",
        "rev": "bcf03fa16a1f06b8a0abb27bf49afa8d6fffe8f1",
        "type": "github"
      },
      "original": {
        "owner": "nix-community",
        "ref": "release-21.05",
        "repo": "home-manager",
        "type": "github"
      }
    },
    "impermanence": {
      "locked": {
        "lastModified": 1636812815,
        "narHash": "sha256-OG4/4cD2sGNM+ROaYhczwUJ3YCtzaIgX96rFjCs85JE=",
        "owner": "nix-community",
        "repo": "impermanence",
        "rev": "00df1e57bb9c7551b45a11c70f5472d0cbfbfff7",
        "type": "github"
      },
      "original": {
        "owner": "nix-community",
        "repo": "impermanence",
        "type": "github"
      }
    },
    "nixos-hardware": {
      "locked": {
        "lastModified": 1636877509,
        "narHash": "sha256-0c2fnIlpNqcgxg8JK6Qa3iY4r93MFn2TQ4/3y9W5B7g=",
        "owner": "nixos",
        "repo": "nixos-hardware",
        "rev": "4045d5f43aff4440661d8912fc6e373188d15b5b",
        "type": "github"
      },
      "original": {
        "owner": "nixos",
        "repo": "nixos-hardware",
        "type": "github"
      }
    },
    "nixpkgs": {
      "locked": {
        "lastModified": 1636944046,
        "narHash": "sha256-74KLDsiWSBsYXKj/ql9EGbw1TbIJRE7clFkhl30HV/c=",
        "owner": "NixOS",
        "repo": "nixpkgs",
        "rev": "46251a79f752ae1d46ef733e8e9760b6d3429da4",
        "type": "github"
      },
      "original": {
        "owner": "NixOS",
        "ref": "nixos-21.05",
        "repo": "nixpkgs",
        "type": "github"
      }
    },
    "root": {
      "inputs": {
        "emacs-overlay": "emacs-overlay",
        "home-manager": "home-manager",
        "impermanence": "impermanence",
        "nixos-hardware": "nixos-hardware",
        "nixpkgs": "nixpkgs",
        "utils": "utils"
      }
    },
    "utils": {
      "inputs": {
        "flake-utils": "flake-utils"
      },
      "locked": {
        "lastModified": 1636270960,
        "narHash": "sha256-5M3ytlFl9q6up8twhJ63JE2A5igrHR94YsHTOmKzHwA=",
        "owner": "gytis-ivaskevicius",
        "repo": "flake-utils-plus",
        "rev": "e22fcd75da49c122ec7a0e30785e3edf2f69cfe7",
        "type": "github"
      },
      "original": {
        "owner": "gytis-ivaskevicius",
        "repo": "flake-utils-plus",
        "type": "github"
      }
    }
  },
  "root": "root",
  "version": 7
}
