{
  "nodes": {
    "cachix": {
      "locked": {
        "lastModified": 1636944046,
        "narHash": "sha256-74KLDsiWSBsYXKj/ql9EGbw1TbIJRE7clFkhl30HV/c=",
        "owner": "nixos",
        "repo": "nixpkgs",
        "rev": "46251a79f752ae1d46ef733e8e9760b6d3429da4",
        "type": "github"
      },
      "original": {
        "owner": "nixos",
        "ref": "nixos-21.05",
        "repo": "nixpkgs",
        "type": "github"
      }
    },
    "emacs-overlay": {
      "locked": {
        "lastModified": 1637257053,
        "narHash": "sha256-70omXwN6ActlolF08CG8jii4e+Hbd6yuR7WbLJL2NaA=",
        "owner": "nix-community",
        "repo": "emacs-overlay",
        "rev": "4e2ae4a9b223559994f69b41fbef3038360e8aa9",
        "type": "github"
      },
      "original": {
        "owner": "nix-community",
        "repo": "emacs-overlay",
        "type": "github"
      }
    },
    "flake-utils": {
      "locked": {
        "lastModified": 1634851050,
        "narHash": "sha256-N83GlSGPJJdcqhUxSCS/WwW5pksYf3VP1M13cDRTSVA=",
        "owner": "numtide",
        "repo": "flake-utils",
        "rev": "c91f3de5adaf1de973b797ef7485e441a65b8935",
        "type": "github"
      },
      "original": {
        "owner": "numtide",
        "repo": "flake-utils",
        "type": "github"
      }
    },
    "home-manager": {
      "inputs": {
        "nixpkgs": [
          "nixpkgs"
        ]
      },
      "locked": {
        "lastModified": 1637188941,
        "narHash": "sha256-4aA5iNVhSDbKjsPeG4n0SvfPQ3sd9ve23b05bVztSq4=",
        "owner": "nix-community",
        "repo": "home-manager",
        "rev": "d85bf67c48f5c64ca39d3d48375e742e16933f4f",
        "type": "github"
      },
      "original": {
        "owner": "nix-community",
        "repo": "home-manager",
        "type": "github"
      }
    },
    "impermanence": {
      "locked": {
        "lastModified": 1637035934,
        "narHash": "sha256-fH953TOIiKwxs9XVUiRD+pKMaK1zNfcQtZJnNtAyLQk=",
        "owner": "nix-community",
        "repo": "impermanence",
        "rev": "26d69654e7d90e454f0215980ed17e405e850608",
        "type": "github"
      },
      "original": {
        "owner": "nix-community",
        "repo": "impermanence",
        "type": "github"
      }
    },
    "nixos-hardware": {
      "locked": {
        "lastModified": 1637242070,
        "narHash": "sha256-/XCFGOriSpAgo0lPxVK12vFBpta567kwfHZr5tNNHyE=",
        "owner": "nixos",
        "repo": "nixos-hardware",
        "rev": "5a7e613703ea349fd46b3fa2f3dfe3bd5444d591",
        "type": "github"
      },
      "original": {
        "owner": "nixos",
        "repo": "nixos-hardware",
        "type": "github"
      }
    },
    "nixpkgs": {
      "locked": {
        "lastModified": 1636976544,
        "narHash": "sha256-9ZmdyoRz4Qu8bP5BKR1T10YbzcB9nvCeQjOEw2cRKR0=",
        "owner": "NixOS",
        "repo": "nixpkgs",
        "rev": "931ab058daa7e4cd539533963f95e2bb0dbd41e6",
        "type": "github"
      },
      "original": {
        "owner": "NixOS",
        "ref": "nixos-unstable",
        "repo": "nixpkgs",
        "type": "github"
      }
    },
    "nixpkgs-wayland": {
      "inputs": {
        "cachix": "cachix",
        "nixpkgs": [
          "nixpkgs"
        ]
      },
      "locked": {
        "lastModified": 1637074002,
        "narHash": "sha256-w/SzNoNRgWNOKThXFBTe695uka36heDRWm7xF02q1MY=",
        "owner": "nix-community",
        "repo": "nixpkgs-wayland",
        "rev": "c12dee11e4975052975db37584ce49534877be7f",
        "type": "github"
      },
      "original": {
        "owner": "nix-community",
        "repo": "nixpkgs-wayland",
        "type": "github"
      }
    },
    "root": {
      "inputs": {
        "emacs-overlay": "emacs-overlay",
        "home-manager": "home-manager",
        "impermanence": "impermanence",
        "nixos-hardware": "nixos-hardware",
        "nixpkgs": "nixpkgs",
        "nixpkgs-wayland": "nixpkgs-wayland",
        "utils": "utils"
      }
    },
    "utils": {
      "inputs": {
        "flake-utils": "flake-utils"
      },
      "locked": {
        "lastModified": 1636270960,
        "narHash": "sha256-5M3ytlFl9q6up8twhJ63JE2A5igrHR94YsHTOmKzHwA=",
        "owner": "gytis-ivaskevicius",
        "repo": "flake-utils-plus",
        "rev": "e22fcd75da49c122ec7a0e30785e3edf2f69cfe7",
        "type": "github"
      },
      "original": {
        "owner": "gytis-ivaskevicius",
        "repo": "flake-utils-plus",
        "type": "github"
      }
    }
  },
  "root": "root",
  "version": 7
}
