{
  "nodes": {
    "emacs-overlay": {
      "locked": {
        "lastModified": 1645312324,
        "narHash": "sha256-D4HPT/B5KBPWppdVHbXIVtByLvXqNKBD9gWPypOueo8=",
        "owner": "nix-community",
        "repo": "emacs-overlay",
        "rev": "786f173b3214e56bbd1f06a32ca4d3ac670b1a2a",
        "type": "github"
      },
      "original": {
        "owner": "nix-community",
        "repo": "emacs-overlay",
        "type": "github"
      }
    },
    "flake-utils": {
      "locked": {
        "lastModified": 1644229661,
        "narHash": "sha256-1YdnJAsNy69bpcjuoKdOYQX0YxZBiCYZo4Twxerqv7k=",
        "owner": "numtide",
        "repo": "flake-utils",
        "rev": "3cecb5b042f7f209c56ffd8371b2711a290ec797",
        "type": "github"
      },
      "original": {
        "owner": "numtide",
        "repo": "flake-utils",
        "type": "github"
      }
    },
    "flake-utils-plus": {
      "inputs": {
        "flake-utils": [
          "flake-utils"
        ]
      },
      "locked": {
        "lastModified": 1639385028,
        "narHash": "sha256-oqorKz3mwf7UuDJwlbCEYCB2LfcWLL0DkeCWhRIL820=",
        "owner": "gytis-ivaskevicius",
        "repo": "flake-utils-plus",
        "rev": "be1be083af014720c14f3b574f57b6173b4915d0",
        "type": "github"
      },
      "original": {
        "owner": "gytis-ivaskevicius",
        "repo": "flake-utils-plus",
        "type": "github"
      }
    },
    "home-manager": {
      "inputs": {
        "nixpkgs": [
          "nixpkgs"
        ]
      },
      "locked": {
        "lastModified": 1645244400,
        "narHash": "sha256-o7KCd6ySFZ9/LbS62aTeuFmBWtP7Tt3Q3RcNjYgTgZU=",
        "owner": "nix-community",
        "repo": "home-manager",
        "rev": "0232fe1b75e6d7864fd82b5c72f6646f87838fc3",
        "type": "github"
      },
      "original": {
        "owner": "nix-community",
        "repo": "home-manager",
        "type": "github"
      }
    },
    "impermanence": {
      "locked": {
        "lastModified": 1644791231,
        "narHash": "sha256-iDihsF1fUMK4xXiUudPnDM3veH1LXbbxfP9Lzekw9iU=",
        "owner": "nix-community",
        "repo": "impermanence",
        "rev": "635bcd2d88739197a0b584aa9fadaa53c717a853",
        "type": "github"
      },
      "original": {
        "owner": "nix-community",
        "repo": "impermanence",
        "type": "github"
      }
    },
    "nixos-hardware": {
      "locked": {
        "lastModified": 1644870092,
        "narHash": "sha256-RLPD92lqXW98LDIbbwYqwAbt3R4iD1V1PiylfgBq5cU=",
        "owner": "nixos",
        "repo": "nixos-hardware",
        "rev": "10eab1c4cd8e715c0b41d32c28af2b89fc67bed0",
        "type": "github"
      },
      "original": {
        "owner": "nixos",
        "repo": "nixos-hardware",
        "type": "github"
      }
    },
    "nixpkgs": {
      "locked": {
        "lastModified": 1644613700,
        "narHash": "sha256-wLRPJclMH8vsHuFtyI78aF09lw5mbi3lMB6uiK5S2wE=",
        "owner": "NixOS",
        "repo": "nixpkgs",
        "rev": "23d785aa6f853e6cf3430119811c334025bbef55",
        "type": "github"
      },
      "original": {
        "owner": "NixOS",
        "ref": "nixos-unstable",
        "repo": "nixpkgs",
        "type": "github"
      }
    },
    "root": {
      "inputs": {
        "emacs-overlay": "emacs-overlay",
        "flake-utils": "flake-utils",
        "flake-utils-plus": "flake-utils-plus",
        "home-manager": "home-manager",
        "impermanence": "impermanence",
        "nixos-hardware": "nixos-hardware",
        "nixpkgs": "nixpkgs"
      }
    }
  },
  "root": "root",
  "version": 7
}
